// !$*UTF8*$!
{
	archiveVersion = 1;
	classes = {
	};
	objectVersion = 46;
	objects = {

/* Begin PBXBuildFile section */
		414829561CD25B5D00AD9458 /* main.m in Sources */ = {isa = PBXBuildFile; fileRef = 414829551CD25B5D00AD9458 /* main.m */; };
		414829591CD25B5D00AD9458 /* AppDelegate.m in Sources */ = {isa = PBXBuildFile; fileRef = 414829581CD25B5D00AD9458 /* AppDelegate.m */; };
		4148295C1CD25B5D00AD9458 /* ViewController.m in Sources */ = {isa = PBXBuildFile; fileRef = 4148295B1CD25B5D00AD9458 /* ViewController.m */; };
		4148295F1CD25B5D00AD9458 /* Main.storyboard in Resources */ = {isa = PBXBuildFile; fileRef = 4148295D1CD25B5D00AD9458 /* Main.storyboard */; };
		414829611CD25B5D00AD9458 /* Assets.xcassets in Resources */ = {isa = PBXBuildFile; fileRef = 414829601CD25B5D00AD9458 /* Assets.xcassets */; };
		414829641CD25B5D00AD9458 /* LaunchScreen.storyboard in Resources */ = {isa = PBXBuildFile; fileRef = 414829621CD25B5D00AD9458 /* LaunchScreen.storyboard */; };
		4148296D1CD25E9D00AD9458 /* Location.m in Sources */ = {isa = PBXBuildFile; fileRef = 4148296C1CD25E9D00AD9458 /* Location.m */; };
		414829701CD286C100AD9458 /* PopoverViewController.m in Sources */ = {isa = PBXBuildFile; fileRef = 4148296F1CD286C100AD9458 /* PopoverViewController.m */; };
		41AED90E1CD3E023004C7B4D /* ValidateForm.m in Sources */ = {isa = PBXBuildFile; fileRef = 41AED90D1CD3E023004C7B4D /* ValidateForm.m */; };
/* End PBXBuildFile section */

/* Begin PBXFileReference section */
		414829511CD25B5D00AD9458 /* MuttCutsHitsTheRoad.app */ = {isa = PBXFileReference; explicitFileType = wrapper.application; includeInIndex = 0; path = MuttCutsHitsTheRoad.app; sourceTree = BUILT_PRODUCTS_DIR; };
		414829551CD25B5D00AD9458 /* main.m */ = {isa = PBXFileReference; lastKnownFileType = sourcecode.c.objc; path = main.m; sourceTree = "<group>"; };
		414829571CD25B5D00AD9458 /* AppDelegate.h */ = {isa = PBXFileReference; lastKnownFileType = sourcecode.c.h; path = AppDelegate.h; sourceTree = "<group>"; };
		414829581CD25B5D00AD9458 /* AppDelegate.m */ = {isa = PBXFileReference; lastKnownFileType = sourcecode.c.objc; path = AppDelegate.m; sourceTree = "<group>"; };
		4148295A1CD25B5D00AD9458 /* ViewController.h */ = {isa = PBXFileReference; lastKnownFileType = sourcecode.c.h; path = ViewController.h; sourceTree = "<group>"; };
		4148295B1CD25B5D00AD9458 /* ViewController.m */ = {isa = PBXFileReference; lastKnownFileType = sourcecode.c.objc; path = ViewController.m; sourceTree = "<group>"; };
		4148295E1CD25B5D00AD9458 /* Base */ = {isa = PBXFileReference; lastKnownFileType = file.storyboard; name = Base; path = Base.lproj/Main.storyboard; sourceTree = "<group>"; };
		414829601CD25B5D00AD9458 /* Assets.xcassets */ = {isa = PBXFileReference; lastKnownFileType = folder.assetcatalog; path = Assets.xcassets; sourceTree = "<group>"; };
		414829631CD25B5D00AD9458 /* Base */ = {isa = PBXFileReference; lastKnownFileType = file.storyboard; name = Base; path = Base.lproj/LaunchScreen.storyboard; sourceTree = "<group>"; };
		414829651CD25B5D00AD9458 /* Info.plist */ = {isa = PBXFileReference; lastKnownFileType = text.plist.xml; path = Info.plist; sourceTree = "<group>"; };
		4148296B1CD25E9D00AD9458 /* Location.h */ = {isa = PBXFileReference; fileEncoding = 4; lastKnownFileType = sourcecode.c.h; path = Location.h; sourceTree = "<group>"; };
		4148296C1CD25E9D00AD9458 /* Location.m */ = {isa = PBXFileReference; fileEncoding = 4; lastKnownFileType = sourcecode.c.objc; path = Location.m; sourceTree = "<group>"; };
		4148296E1CD286C100AD9458 /* PopoverViewController.h */ = {isa = PBXFileReference; fileEncoding = 4; lastKnownFileType = sourcecode.c.h; path = PopoverViewController.h; sourceTree = "<group>"; };
		4148296F1CD286C100AD9458 /* PopoverViewController.m */ = {isa = PBXFileReference; fileEncoding = 4; lastKnownFileType = sourcecode.c.objc; path = PopoverViewController.m; sourceTree = "<group>"; };
		41AED90C1CD3E023004C7B4D /* ValidateForm.h */ = {isa = PBXFileReference; fileEncoding = 4; lastKnownFileType = sourcecode.c.h; path = ValidateForm.h; sourceTree = "<group>"; };
		41AED90D1CD3E023004C7B4D /* ValidateForm.m */ = {isa = PBXFileReference; fileEncoding = 4; lastKnownFileType = sourcecode.c.objc; path = ValidateForm.m; sourceTree = "<group>"; };
/* End PBXFileReference section */

/* Begin PBXFrameworksBuildPhase section */
		4148294E1CD25B5D00AD9458 /* Frameworks */ = {
			isa = PBXFrameworksBuildPhase;
			buildActionMask = 2147483647;
			files = (
			);
			runOnlyForDeploymentPostprocessing = 0;
		};
/* End PBXFrameworksBuildPhase section */

/* Begin PBXGroup section */
		414829481CD25B5D00AD9458 = {
			isa = PBXGroup;
			children = (
				414829531CD25B5D00AD9458 /* MuttCutsHitsTheRoad */,
				414829521CD25B5D00AD9458 /* Products */,
			);
			sourceTree = "<group>";
		};
		414829521CD25B5D00AD9458 /* Products */ = {
			isa = PBXGroup;
			children = (
				414829511CD25B5D00AD9458 /* MuttCutsHitsTheRoad.app */,
			);
			name = Products;
			sourceTree = "<group>";
		};
		414829531CD25B5D00AD9458 /* MuttCutsHitsTheRoad */ = {
			isa = PBXGroup;
			children = (
				414829571CD25B5D00AD9458 /* AppDelegate.h */,
				414829581CD25B5D00AD9458 /* AppDelegate.m */,
				4148295A1CD25B5D00AD9458 /* ViewController.h */,
				4148295B1CD25B5D00AD9458 /* ViewController.m */,
				4148296E1CD286C100AD9458 /* PopoverViewController.h */,
				4148296F1CD286C100AD9458 /* PopoverViewController.m */,
				41AED90C1CD3E023004C7B4D /* ValidateForm.h */,
				41AED90D1CD3E023004C7B4D /* ValidateForm.m */,
				4148296B1CD25E9D00AD9458 /* Location.h */,
				4148296C1CD25E9D00AD9458 /* Location.m */,
				4148295D1CD25B5D00AD9458 /* Main.storyboard */,
				414829601CD25B5D00AD9458 /* Assets.xcassets */,
				414829621CD25B5D00AD9458 /* LaunchScreen.storyboard */,
				414829651CD25B5D00AD9458 /* Info.plist */,
				414829541CD25B5D00AD9458 /* Supporting Files */,
			);
			path = MuttCutsHitsTheRoad;
			sourceTree = "<group>";
		};
		414829541CD25B5D00AD9458 /* Supporting Files */ = {
			isa = PBXGroup;
			children = (
				414829551CD25B5D00AD9458 /* main.m */,
			);
			name = "Supporting Files";
			sourceTree = "<group>";
		};
/* End PBXGroup section */

/* Begin PBXNativeTarget section */
		414829501CD25B5D00AD9458 /* MuttCutsHitsTheRoad */ = {
			isa = PBXNativeTarget;
			buildConfigurationList = 414829681CD25B5D00AD9458 /* Build configuration list for PBXNativeTarget "MuttCutsHitsTheRoad" */;
			buildPhases = (
				4148294D1CD25B5D00AD9458 /* Sources */,
				4148294E1CD25B5D00AD9458 /* Frameworks */,
				4148294F1CD25B5D00AD9458 /* Resources */,
			);
			buildRules = (
			);
			dependencies = (
			);
			name = MuttCutsHitsTheRoad;
			productName = MuttCutsHitsTheRoad;
			productReference = 414829511CD25B5D00AD9458 /* MuttCutsHitsTheRoad.app */;
			productType = "com.apple.product-type.application";
		};
/* End PBXNativeTarget section */

/* Begin PBXProject section */
		414829491CD25B5D00AD9458 /* Project object */ = {
			isa = PBXProject;
			attributes = {
				LastUpgradeCheck = 0730;
				ORGANIZATIONNAME = "Donny Davis";
				TargetAttributes = {
					414829501CD25B5D00AD9458 = {
						CreatedOnToolsVersion = 7.3;
						DevelopmentTeam = 4B3L94BG4K;
					};
				};
			};
			buildConfigurationList = 4148294C1CD25B5D00AD9458 /* Build configuration list for PBXProject "MuttCutsHitsTheRoad" */;
			compatibilityVersion = "Xcode 3.2";
			developmentRegion = English;
			hasScannedForEncodings = 0;
			knownRegions = (
				en,
				Base,
			);
			mainGroup = 414829481CD25B5D00AD9458;
			productRefGroup = 414829521CD25B5D00AD9458 /* Products */;
			projectDirPath = "";
			projectRoot = "";
			targets = (
				414829501CD25B5D00AD9458 /* MuttCutsHitsTheRoad */,
			);
		};
/* End PBXProject section */

/* Begin PBXResourcesBuildPhase section */
		4148294F1CD25B5D00AD9458 /* Resources */ = {
			isa = PBXResourcesBuildPhase;
			buildActionMask = 2147483647;
			files = (
				414829641CD25B5D00AD9458 /* LaunchScreen.storyboard in Resources */,
				414829611CD25B5D00AD9458 /* Assets.xcassets in Resources */,
				4148295F1CD25B5D00AD9458 /* Main.storyboard in Resources */,
			);
			runOnlyForDeploymentPostprocessing = 0;
		};
/* End PBXResourcesBuildPhase section */

/* Begin PBXSourcesBuildPhase section */
		4148294D1CD25B5D00AD9458 /* Sources */ = {
			isa = PBXSourcesBuildPhase;
			buildActionMask = 2147483647;
			files = (
				4148295C1CD25B5D00AD9458 /* ViewController.m in Sources */,
				414829591CD25B5D00AD9458 /* AppDelegate.m in Sources */,
				4148296D1CD25E9D00AD9458 /* Location.m in Sources */,
				41AED90E1CD3E023004C7B4D /* ValidateForm.m in Sources */,
				414829701CD286C100AD9458 /* PopoverViewController.m in Sources */,
				414829561CD25B5D00AD9458 /* main.m in Sources */,
			);
			runOnlyForDeploymentPostprocessing = 0;
		};
/* End PBXSourcesBuildPhase section */

/* Begin PBXVariantGroup section */
		4148295D1CD25B5D00AD9458 /* Main.storyboard */ = {
			isa = PBXVariantGroup;
			children = (
				4148295E1CD25B5D00AD9458 /* Base */,
			);
			name = Main.storyboard;
			sourceTree = "<group>";
		};
		414829621CD25B5D00AD9458 /* LaunchScreen.storyboard */ = {
			isa = PBXVariantGroup;
			children = (
				414829631CD25B5D00AD9458 /* Base */,
			);
			name = LaunchScreen.storyboard;
			sourceTree = "<group>";
		};
/* End PBXVariantGroup section */

/* Begin XCBuildConfiguration section */
		414829661CD25B5D00AD9458 /* Debug */ = {
			isa = XCBuildConfiguration;
			buildSettings = {
				ALWAYS_SEARCH_USER_PATHS = NO;
				CLANG_ANALYZER_NONNULL = YES;
				CLANG_CXX_LANGUAGE_STANDARD = "gnu++0x";
				CLANG_CXX_LIBRARY = "libc++";
				CLANG_ENABLE_MODULES = YES;
				CLANG_ENABLE_OBJC_ARC = YES;
				CLANG_WARN_BOOL_CONVERSION = YES;
				CLANG_WARN_CONSTANT_CONVERSION = YES;
				CLANG_WARN_DIRECT_OBJC_ISA_USAGE = YES_ERROR;
				CLANG_WARN_EMPTY_BODY = YES;
				CLANG_WARN_ENUM_CONVERSION = YES;
				CLANG_WARN_INT_CONVERSION = YES;
				CLANG_WARN_OBJC_ROOT_CLASS = YES_ERROR;
				CLANG_WARN_UNREACHABLE_CODE = YES;
				CLANG_WARN__DUPLICATE_METHOD_MATCH = YES;
				"CODE_SIGN_IDENTITY[sdk=iphoneos*]" = "iPhone Developer";
				COPY_PHASE_STRIP = NO;
				DEBUG_INFORMATION_FORMAT = dwarf;
				ENABLE_STRICT_OBJC_MSGSEND = YES;
				ENABLE_TESTABILITY = YES;
				GCC_C_LANGUAGE_STANDARD = gnu99;
				GCC_DYNAMIC_NO_PIC = NO;
				GCC_NO_COMMON_BLOCKS = YES;
				GCC_OPTIMIZATION_LEVEL = 0;
				GCC_PREPROCESSOR_DEFINITIONS = (
					"DEBUG=1",
					"$(inherited)",
				);
				GCC_WARN_64_TO_32_BIT_CONVERSION = YES;
				GCC_WARN_ABOUT_RETURN_TYPE = YES_ERROR;
				GCC_WARN_UNDECLARED_SELECTOR = YES;
				GCC_WARN_UNINITIALIZED_AUTOS = YES_AGGRESSIVE;
				GCC_WARN_UNUSED_FUNCTION = YES;
				GCC_WARN_UNUSED_VARIABLE = YES;
				IPHONEOS_DEPLOYMENT_TARGET = 9.3;
				MTL_ENABLE_DEBUG_INFO = YES;
				ONLY_ACTIVE_ARCH = YES;
				SDKROOT = iphoneos;
				TARGETED_DEVICE_FAMILY = "1,2";
			};
			name = Debug;
		};
		414829671CD25B5D00AD9458 /* Release */ = {
			isa = XCBuildConfiguration;
			buildSettings = {
				ALWAYS_SEARCH_USER_PATHS = NO;
				CLANG_ANALYZER_NONNULL = YES;
				CLANG_CXX_LANGUAGE_STANDARD = "gnu++0x";
				CLANG_CXX_LIBRARY = "libc++";
				CLANG_ENABLE_MODULES = YES;
				CLANG_ENABLE_OBJC_ARC = YES;
				CLANG_WARN_BOOL_CONVERSION = YES;
				CLANG_WARN_CONSTANT_CONVERSION = YES;
				CLANG_WARN_DIRECT_OBJC_ISA_USAGE = YES_ERROR;
				CLANG_WARN_EMPTY_BODY = YES;
				CLANG_WARN_ENUM_CONVERSION = YES;
				CLANG_WARN_INT_CONVERSION = YES;
				CLANG_WARN_OBJC_ROOT_CLASS = YES_ERROR;
				CLANG_WARN_UNREACHABLE_CODE = YES;
				CLANG_WARN__DUPLICATE_METHOD_MATCH = YES;
				"CODE_SIGN_IDENTITY[sdk=iphoneos*]" = "iPhone Developer";
				COPY_PHASE_STRIP = NO;
				DEBUG_INFORMATION_FORMAT = "dwarf-with-dsym";
				ENABLE_NS_ASSERTIONS = NO;
				ENABLE_STRICT_OBJC_MSGSEND = YES;
				GCC_C_LANGUAGE_STANDARD = gnu99;
				GCC_NO_COMMON_BLOCKS = YES;
				GCC_WARN_64_TO_32_BIT_CONVERSION = YES;
				GCC_WARN_ABOUT_RETURN_TYPE = YES_ERROR;
				GCC_WARN_UNDECLARED_SELECTOR = YES;
				GCC_WARN_UNINITIALIZED_AUTOS = YES_AGGRESSIVE;
				GCC_WARN_UNUSED_FUNCTION = YES;
				GCC_WARN_UNUSED_VARIABLE = YES;
				IPHONEOS_DEPLOYMENT_TARGET = 9.3;
				MTL_ENABLE_DEBUG_INFO = NO;
				SDKROOT = iphoneos;
				TARGETED_DEVICE_FAMILY = "1,2";
				VALIDATE_PRODUCT = YES;
			};
			name = Release;
		};
		414829691CD25B5D00AD9458 /* Debug */ = {
			isa = XCBuildConfiguration;
			buildSettings = {
				ASSETCATALOG_COMPILER_APPICON_NAME = AppIcon;
				INFOPLIST_FILE = MuttCutsHitsTheRoad/Info.plist;
				LD_RUNPATH_SEARCH_PATHS = "$(inherited) @executable_path/Frameworks";
				PRODUCT_BUNDLE_IDENTIFIER = com.donnywdavis.MuttCutsHitsTheRoad;
				PRODUCT_NAME = "$(TARGET_NAME)";
			};
			name = Debug;
		};
		4148296A1CD25B5D00AD9458 /* Release */ = {
			isa = XCBuildConfiguration;
			buildSettings = {
				ASSETCATALOG_COMPILER_APPICON_NAME = AppIcon;
				INFOPLIST_FILE = MuttCutsHitsTheRoad/Info.plist;
				LD_RUNPATH_SEARCH_PATHS = "$(inherited) @executable_path/Frameworks";
				PRODUCT_BUNDLE_IDENTIFIER = com.donnywdavis.MuttCutsHitsTheRoad;
				PRODUCT_NAME = "$(TARGET_NAME)";
			};
			name = Release;
		};
/* End XCBuildConfiguration section */

/* Begin XCConfigurationList section */
		4148294C1CD25B5D00AD9458 /* Build configuration list for PBXProject "MuttCutsHitsTheRoad" */ = {
			isa = XCConfigurationList;
			buildConfigurations = (
				414829661CD25B5D00AD9458 /* Debug */,
				414829671CD25B5D00AD9458 /* Release */,
			);
			defaultConfigurationIsVisible = 0;
			defaultConfigurationName = Release;
		};
		414829681CD25B5D00AD9458 /* Build configuration list for PBXNativeTarget "MuttCutsHitsTheRoad" */ = {
			isa = XCConfigurationList;
			buildConfigurations = (
				414829691CD25B5D00AD9458 /* Debug */,
				4148296A1CD25B5D00AD9458 /* Release */,
			);
			defaultConfigurationIsVisible = 0;
			defaultConfigurationName = Release;
		};
/* End XCConfigurationList section */
	};
	rootObject = 414829491CD25B5D00AD9458 /* Project object */;
}
